
Microsoft Visual Studio Solution File, Format Version 12.00
# Visual Studio 15
VisualStudioVersion = 15.0.26730.15
MinimumVisualStudioVersion = 10.0.40219.1
Project("{FAE04EC0-301F-11D3-BF4B-00C04F79EFBC}") = "Areas", "ConsoleApp1\Areas.csproj", "{B6B697D1-AEDC-4838-8122-AF541C2D1AE0}"
EndProject
Project("{FAE04EC0-301F-11D3-BF4B-00C04F79EFBC}") = "XUnitTestForArea", "XUnitTestForArea\XUnitTestForArea.csproj", "{1A3ABAB6-AC9C-4D5A-B97C-92A7C1E5FFAF}"
	ProjectSection(ProjectDependencies) = postProject
		{B6B697D1-AEDC-4838-8122-AF541C2D1AE0} = {B6B697D1-AEDC-4838-8122-AF541C2D1AE0}
	EndProjectSection
EndProject
Global
	GlobalSection(SolutionConfigurationPlatforms) = preSolution
		Debug|Any CPU = Debug|Any CPU
		Release|Any CPU = Release|Any CPU
	EndGlobalSection
	GlobalSection(ProjectConfigurationPlatforms) = postSolution
		{B6B697D1-AEDC-4838-8122-AF541C2D1AE0}.Debug|Any CPU.ActiveCfg = Debug|Any CPU
		{B6B697D1-AEDC-4838-8122-AF541C2D1AE0}.Debug|Any CPU.Build.0 = Debug|Any CPU
		{B6B697D1-AEDC-4838-8122-AF541C2D1AE0}.Release|Any CPU.ActiveCfg = Release|Any CPU
		{B6B697D1-AEDC-4838-8122-AF541C2D1AE0}.Release|Any CPU.Build.0 = Release|Any CPU
		{1A3ABAB6-AC9C-4D5A-B97C-92A7C1E5FFAF}.Debug|Any CPU.ActiveCfg = Debug|Any CPU
		{1A3ABAB6-AC9C-4D5A-B97C-92A7C1E5FFAF}.Debug|Any CPU.Build.0 = Debug|Any CPU
		{1A3ABAB6-AC9C-4D5A-B97C-92A7C1E5FFAF}.Release|Any CPU.ActiveCfg = Release|Any CPU
		{1A3ABAB6-AC9C-4D5A-B97C-92A7C1E5FFAF}.Release|Any CPU.Build.0 = Release|Any CPU
	EndGlobalSection
	GlobalSection(SolutionProperties) = preSolution
		HideSolutionNode = FALSE
	EndGlobalSection
	GlobalSection(ExtensibilityGlobals) = postSolution
		SolutionGuid = {5A09060B-6EB3-46E4-8F78-D3279B1F39E8}
	EndGlobalSection
EndGlobal
